// !$*UTF8*$!
{
	archiveVersion = 1;
	classes = {
	};
	objectVersion = 56;
	objects = {

/* Begin PBXBuildFile section */
		C20C55552B361CD70041EDD4 /* ComposableArchitecture in Frameworks */ = {isa = PBXBuildFile; productRef = C20C55542B361CD70041EDD4 /* ComposableArchitecture */; };
		C20C55592B38AF610041EDD4 /* TodayView.swift in Sources */ = {isa = PBXBuildFile; fileRef = C20C55582B38AF610041EDD4 /* TodayView.swift */; };
		C20C555C2B38C2090041EDD4 /* ExtraInfoView.swift in Sources */ = {isa = PBXBuildFile; fileRef = C20C555B2B38C2090041EDD4 /* ExtraInfoView.swift */; };
		C20C555E2B38C2410041EDD4 /* InfoView.swift in Sources */ = {isa = PBXBuildFile; fileRef = C20C555D2B38C2410041EDD4 /* InfoView.swift */; };
		C20C55612B38CCBC0041EDD4 /* HomeView.swift in Sources */ = {isa = PBXBuildFile; fileRef = C20C55602B38CCBC0041EDD4 /* HomeView.swift */; };
		C20C55642B38DA730041EDD4 /* Kingfisher in Frameworks */ = {isa = PBXBuildFile; productRef = C20C55632B38DA730041EDD4 /* Kingfisher */; };
		C22037602B3D9D7B0072BC66 /* SearchCityView.swift in Sources */ = {isa = PBXBuildFile; fileRef = C220375F2B3D9D7B0072BC66 /* SearchCityView.swift */; };
		C22037622B3D9DAE0072BC66 /* SearchCityReducer.swift in Sources */ = {isa = PBXBuildFile; fileRef = C22037612B3D9DAE0072BC66 /* SearchCityReducer.swift */; };
		C22037652B3D9ED70072BC66 /* CityRowView.swift in Sources */ = {isa = PBXBuildFile; fileRef = C22037642B3D9ED70072BC66 /* CityRowView.swift */; };
		C22037672B3DA4C20072BC66 /* PathReducer.swift in Sources */ = {isa = PBXBuildFile; fileRef = C22037662B3DA4C20072BC66 /* PathReducer.swift */; };
		C220376A2B3DA93E0072BC66 /* AppView.swift in Sources */ = {isa = PBXBuildFile; fileRef = C22037692B3DA93E0072BC66 /* AppView.swift */; };
		C220376C2B3DA9490072BC66 /* AppReducer.swift in Sources */ = {isa = PBXBuildFile; fileRef = C220376B2B3DA9490072BC66 /* AppReducer.swift */; };
		C22ECADD2B3B81B7007D177E /* HomeReducer.swift in Sources */ = {isa = PBXBuildFile; fileRef = C22ECADC2B3B81B7007D177E /* HomeReducer.swift */; };
		C22ECAE02B3B8641007D177E /* WeatherAPI.swift in Sources */ = {isa = PBXBuildFile; fileRef = C22ECADF2B3B8641007D177E /* WeatherAPI.swift */; };
		C22ECAE22B3B866E007D177E /* Dependencies.swift in Sources */ = {isa = PBXBuildFile; fileRef = C22ECAE12B3B866E007D177E /* Dependencies.swift */; };
		C22ECAE52B3B8769007D177E /* WeatherAPI+Test.swift in Sources */ = {isa = PBXBuildFile; fileRef = C22ECAE42B3B8769007D177E /* WeatherAPI+Test.swift */; };
		C22ECAE72B3B8808007D177E /* WeatherAPI+Live.swift in Sources */ = {isa = PBXBuildFile; fileRef = C22ECAE62B3B8808007D177E /* WeatherAPI+Live.swift */; };
		C240AD672B262AA40038502E /* YAWAApp.swift in Sources */ = {isa = PBXBuildFile; fileRef = C240AD662B262AA40038502E /* YAWAApp.swift */; };
		C240AD692B262AA40038502E /* ContentView.swift in Sources */ = {isa = PBXBuildFile; fileRef = C240AD682B262AA40038502E /* ContentView.swift */; };
		C240AD6B2B262AA50038502E /* Assets.xcassets in Resources */ = {isa = PBXBuildFile; fileRef = C240AD6A2B262AA50038502E /* Assets.xcassets */; };
		C240AD6E2B262AA50038502E /* Preview Assets.xcassets in Resources */ = {isa = PBXBuildFile; fileRef = C240AD6D2B262AA50038502E /* Preview Assets.xcassets */; };
		C240AD792B262AA50038502E /* YAWATests.swift in Sources */ = {isa = PBXBuildFile; fileRef = C240AD782B262AA50038502E /* YAWATests.swift */; };
		C271EAF02B443AA8009DBDD8 /* CityHeaderView.swift in Sources */ = {isa = PBXBuildFile; fileRef = C271EAEF2B443AA8009DBDD8 /* CityHeaderView.swift */; };
		C271EAF32B443AEA009DBDD8 /* Localizable.xcstrings in Resources */ = {isa = PBXBuildFile; fileRef = C271EAF22B443AEA009DBDD8 /* Localizable.xcstrings */; };
		C271EAF52B444194009DBDD8 /* Alignment+Extension.swift in Sources */ = {isa = PBXBuildFile; fileRef = C271EAF42B444194009DBDD8 /* Alignment+Extension.swift */; };
		C29F053A2B28BE5F00B01CD4 /* YAWAShared in Frameworks */ = {isa = PBXBuildFile; productRef = C29F05392B28BE5F00B01CD4 /* YAWAShared */; };
/* End PBXBuildFile section */

/* Begin PBXContainerItemProxy section */
		C240AD752B262AA50038502E /* PBXContainerItemProxy */ = {
			isa = PBXContainerItemProxy;
			containerPortal = C240AD5B2B262AA40038502E /* Project object */;
			proxyType = 1;
			remoteGlobalIDString = C240AD622B262AA40038502E;
			remoteInfo = YAWA;
		};
/* End PBXContainerItemProxy section */

/* Begin PBXFileReference section */
		C20C55582B38AF610041EDD4 /* TodayView.swift */ = {isa = PBXFileReference; lastKnownFileType = sourcecode.swift; path = TodayView.swift; sourceTree = "<group>"; };
		C20C555B2B38C2090041EDD4 /* ExtraInfoView.swift */ = {isa = PBXFileReference; lastKnownFileType = sourcecode.swift; path = ExtraInfoView.swift; sourceTree = "<group>"; };
		C20C555D2B38C2410041EDD4 /* InfoView.swift */ = {isa = PBXFileReference; lastKnownFileType = sourcecode.swift; path = InfoView.swift; sourceTree = "<group>"; };
		C20C55602B38CCBC0041EDD4 /* HomeView.swift */ = {isa = PBXFileReference; lastKnownFileType = sourcecode.swift; path = HomeView.swift; sourceTree = "<group>"; };
		C220375B2B3D956F0072BC66 /* Info.plist */ = {isa = PBXFileReference; lastKnownFileType = text.plist; path = Info.plist; sourceTree = "<group>"; };
		C220375F2B3D9D7B0072BC66 /* SearchCityView.swift */ = {isa = PBXFileReference; lastKnownFileType = sourcecode.swift; path = SearchCityView.swift; sourceTree = "<group>"; };
		C22037612B3D9DAE0072BC66 /* SearchCityReducer.swift */ = {isa = PBXFileReference; lastKnownFileType = sourcecode.swift; path = SearchCityReducer.swift; sourceTree = "<group>"; };
		C22037642B3D9ED70072BC66 /* CityRowView.swift */ = {isa = PBXFileReference; lastKnownFileType = sourcecode.swift; path = CityRowView.swift; sourceTree = "<group>"; };
		C22037662B3DA4C20072BC66 /* PathReducer.swift */ = {isa = PBXFileReference; lastKnownFileType = sourcecode.swift; path = PathReducer.swift; sourceTree = "<group>"; };
		C22037692B3DA93E0072BC66 /* AppView.swift */ = {isa = PBXFileReference; lastKnownFileType = sourcecode.swift; path = AppView.swift; sourceTree = "<group>"; };
		C220376B2B3DA9490072BC66 /* AppReducer.swift */ = {isa = PBXFileReference; lastKnownFileType = sourcecode.swift; path = AppReducer.swift; sourceTree = "<group>"; };
		C22ECADC2B3B81B7007D177E /* HomeReducer.swift */ = {isa = PBXFileReference; lastKnownFileType = sourcecode.swift; path = HomeReducer.swift; sourceTree = "<group>"; };
		C22ECADF2B3B8641007D177E /* WeatherAPI.swift */ = {isa = PBXFileReference; lastKnownFileType = sourcecode.swift; path = WeatherAPI.swift; sourceTree = "<group>"; };
		C22ECAE12B3B866E007D177E /* Dependencies.swift */ = {isa = PBXFileReference; lastKnownFileType = sourcecode.swift; path = Dependencies.swift; sourceTree = "<group>"; };
		C22ECAE42B3B8769007D177E /* WeatherAPI+Test.swift */ = {isa = PBXFileReference; lastKnownFileType = sourcecode.swift; path = "WeatherAPI+Test.swift"; sourceTree = "<group>"; };
		C22ECAE62B3B8808007D177E /* WeatherAPI+Live.swift */ = {isa = PBXFileReference; lastKnownFileType = sourcecode.swift; path = "WeatherAPI+Live.swift"; sourceTree = "<group>"; };
		C240AD632B262AA40038502E /* YAWA.app */ = {isa = PBXFileReference; explicitFileType = wrapper.application; includeInIndex = 0; path = YAWA.app; sourceTree = BUILT_PRODUCTS_DIR; };
		C240AD662B262AA40038502E /* YAWAApp.swift */ = {isa = PBXFileReference; lastKnownFileType = sourcecode.swift; path = YAWAApp.swift; sourceTree = "<group>"; };
		C240AD682B262AA40038502E /* ContentView.swift */ = {isa = PBXFileReference; lastKnownFileType = sourcecode.swift; path = ContentView.swift; sourceTree = "<group>"; };
		C240AD6A2B262AA50038502E /* Assets.xcassets */ = {isa = PBXFileReference; lastKnownFileType = folder.assetcatalog; path = Assets.xcassets; sourceTree = "<group>"; };
		C240AD6D2B262AA50038502E /* Preview Assets.xcassets */ = {isa = PBXFileReference; lastKnownFileType = folder.assetcatalog; path = "Preview Assets.xcassets"; sourceTree = "<group>"; };
		C240AD6F2B262AA50038502E /* YAWA.entitlements */ = {isa = PBXFileReference; lastKnownFileType = text.plist.entitlements; path = YAWA.entitlements; sourceTree = "<group>"; };
		C240AD742B262AA50038502E /* YAWATests.xctest */ = {isa = PBXFileReference; explicitFileType = wrapper.cfbundle; includeInIndex = 0; path = YAWATests.xctest; sourceTree = BUILT_PRODUCTS_DIR; };
		C240AD782B262AA50038502E /* YAWATests.swift */ = {isa = PBXFileReference; lastKnownFileType = sourcecode.swift; path = YAWATests.swift; sourceTree = "<group>"; };
		C271EAEF2B443AA8009DBDD8 /* CityHeaderView.swift */ = {isa = PBXFileReference; lastKnownFileType = sourcecode.swift; path = CityHeaderView.swift; sourceTree = "<group>"; };
		C271EAF22B443AEA009DBDD8 /* Localizable.xcstrings */ = {isa = PBXFileReference; lastKnownFileType = text.json.xcstrings; path = Localizable.xcstrings; sourceTree = "<group>"; };
		C271EAF42B444194009DBDD8 /* Alignment+Extension.swift */ = {isa = PBXFileReference; lastKnownFileType = sourcecode.swift; path = "Alignment+Extension.swift"; sourceTree = "<group>"; };
/* End PBXFileReference section */

/* Begin PBXFrameworksBuildPhase section */
		C240AD602B262AA40038502E /* Frameworks */ = {
			isa = PBXFrameworksBuildPhase;
			buildActionMask = 2147483647;
			files = (
				C20C55642B38DA730041EDD4 /* Kingfisher in Frameworks */,
				C20C55552B361CD70041EDD4 /* ComposableArchitecture in Frameworks */,
				C29F053A2B28BE5F00B01CD4 /* YAWAShared in Frameworks */,
			);
			runOnlyForDeploymentPostprocessing = 0;
		};
		C240AD712B262AA50038502E /* Frameworks */ = {
			isa = PBXFrameworksBuildPhase;
			buildActionMask = 2147483647;
			files = (
			);
			runOnlyForDeploymentPostprocessing = 0;
		};
/* End PBXFrameworksBuildPhase section */

/* Begin PBXGroup section */
		C20C55562B38AF3F0041EDD4 /* Components */ = {
			isa = PBXGroup;
			children = (
				C20C555A2B38C1F60041EDD4 /* ExtraInfo */,
				C20C55572B38AF4A0041EDD4 /* Today */,
			);
			path = Components;
			sourceTree = "<group>";
		};
		C20C55572B38AF4A0041EDD4 /* Today */ = {
			isa = PBXGroup;
			children = (
				C20C55582B38AF610041EDD4 /* TodayView.swift */,
			);
			path = Today;
			sourceTree = "<group>";
		};
		C20C555A2B38C1F60041EDD4 /* ExtraInfo */ = {
			isa = PBXGroup;
			children = (
				C20C555B2B38C2090041EDD4 /* ExtraInfoView.swift */,
				C20C555D2B38C2410041EDD4 /* InfoView.swift */,
			);
			path = ExtraInfo;
			sourceTree = "<group>";
		};
		C20C555F2B38CCA10041EDD4 /* Home */ = {
			isa = PBXGroup;
			children = (
				C22ECADE2B3B8627007D177E /* Services */,
				C20C55562B38AF3F0041EDD4 /* Components */,
				C20C55602B38CCBC0041EDD4 /* HomeView.swift */,
				C22ECADC2B3B81B7007D177E /* HomeReducer.swift */,
			);
			path = Home;
			sourceTree = "<group>";
		};
		C220375C2B3D9C970072BC66 /* SearchCity */ = {
			isa = PBXGroup;
			children = (
				C22037632B3D9EC00072BC66 /* Components */,
				C220375F2B3D9D7B0072BC66 /* SearchCityView.swift */,
				C22037612B3D9DAE0072BC66 /* SearchCityReducer.swift */,
			);
			path = SearchCity;
			sourceTree = "<group>";
		};
		C22037632B3D9EC00072BC66 /* Components */ = {
			isa = PBXGroup;
			children = (
				C22037642B3D9ED70072BC66 /* CityRowView.swift */,
				C271EAEF2B443AA8009DBDD8 /* CityHeaderView.swift */,
			);
			path = Components;
			sourceTree = "<group>";
		};
		C22037682B3DA8970072BC66 /* App */ = {
			isa = PBXGroup;
			children = (
				C22037662B3DA4C20072BC66 /* PathReducer.swift */,
				C22037692B3DA93E0072BC66 /* AppView.swift */,
				C220376B2B3DA9490072BC66 /* AppReducer.swift */,
			);
			path = App;
			sourceTree = "<group>";
		};
		C22ECADE2B3B8627007D177E /* Services */ = {
			isa = PBXGroup;
			children = (
				C22ECAE32B3B8750007D177E /* Weather */,
				C22ECAE12B3B866E007D177E /* Dependencies.swift */,
			);
			path = Services;
			sourceTree = "<group>";
		};
		C22ECAE32B3B8750007D177E /* Weather */ = {
			isa = PBXGroup;
			children = (
				C22ECADF2B3B8641007D177E /* WeatherAPI.swift */,
				C22ECAE42B3B8769007D177E /* WeatherAPI+Test.swift */,
				C22ECAE62B3B8808007D177E /* WeatherAPI+Live.swift */,
			);
			path = Weather;
			sourceTree = "<group>";
		};
		C240AD5A2B262AA40038502E = {
			isa = PBXGroup;
			children = (
				C240AD652B262AA40038502E /* YAWA */,
				C240AD772B262AA50038502E /* YAWATests */,
				C240AD642B262AA40038502E /* Products */,
			);
			sourceTree = "<group>";
		};
		C240AD642B262AA40038502E /* Products */ = {
			isa = PBXGroup;
			children = (
				C240AD632B262AA40038502E /* YAWA.app */,
				C240AD742B262AA50038502E /* YAWATests.xctest */,
			);
			name = Products;
			sourceTree = "<group>";
		};
		C240AD652B262AA40038502E /* YAWA */ = {
			isa = PBXGroup;
			children = (
				C271EAF62B44419B009DBDD8 /* Shared */,
				C271EAF12B443AC1009DBDD8 /* Resources */,
				C22037682B3DA8970072BC66 /* App */,
				C220375C2B3D9C970072BC66 /* SearchCity */,
				C220375B2B3D956F0072BC66 /* Info.plist */,
				C20C555F2B38CCA10041EDD4 /* Home */,
				C240AD662B262AA40038502E /* YAWAApp.swift */,
				C240AD682B262AA40038502E /* ContentView.swift */,
				C240AD6A2B262AA50038502E /* Assets.xcassets */,
				C240AD6F2B262AA50038502E /* YAWA.entitlements */,
				C240AD6C2B262AA50038502E /* Preview Content */,
			);
			path = YAWA;
			sourceTree = "<group>";
		};
		C240AD6C2B262AA50038502E /* Preview Content */ = {
			isa = PBXGroup;
			children = (
				C240AD6D2B262AA50038502E /* Preview Assets.xcassets */,
			);
			path = "Preview Content";
			sourceTree = "<group>";
		};
		C240AD772B262AA50038502E /* YAWATests */ = {
			isa = PBXGroup;
			children = (
				C240AD782B262AA50038502E /* YAWATests.swift */,
			);
			path = YAWATests;
			sourceTree = "<group>";
		};
		C271EAF12B443AC1009DBDD8 /* Resources */ = {
			isa = PBXGroup;
			children = (
				C271EAF22B443AEA009DBDD8 /* Localizable.xcstrings */,
			);
			path = Resources;
			sourceTree = "<group>";
		};
		C271EAF62B44419B009DBDD8 /* Shared */ = {
			isa = PBXGroup;
			children = (
				C271EAF42B444194009DBDD8 /* Alignment+Extension.swift */,
			);
			path = Shared;
			sourceTree = "<group>";
		};
/* End PBXGroup section */

/* Begin PBXNativeTarget section */
		C240AD622B262AA40038502E /* YAWA */ = {
			isa = PBXNativeTarget;
			buildConfigurationList = C240AD882B262AA50038502E /* Build configuration list for PBXNativeTarget "YAWA" */;
			buildPhases = (
				C240AD5F2B262AA40038502E /* Sources */,
				C240AD602B262AA40038502E /* Frameworks */,
				C240AD612B262AA40038502E /* Resources */,
			);
			buildRules = (
			);
			dependencies = (
			);
			name = YAWA;
			packageProductDependencies = (
				C29F05392B28BE5F00B01CD4 /* YAWAShared */,
				C20C55542B361CD70041EDD4 /* ComposableArchitecture */,
				C20C55632B38DA730041EDD4 /* Kingfisher */,
			);
			productName = YAWA;
			productReference = C240AD632B262AA40038502E /* YAWA.app */;
			productType = "com.apple.product-type.application";
		};
		C240AD732B262AA50038502E /* YAWATests */ = {
			isa = PBXNativeTarget;
			buildConfigurationList = C240AD8B2B262AA50038502E /* Build configuration list for PBXNativeTarget "YAWATests" */;
			buildPhases = (
				C240AD702B262AA50038502E /* Sources */,
				C240AD712B262AA50038502E /* Frameworks */,
				C240AD722B262AA50038502E /* Resources */,
			);
			buildRules = (
			);
			dependencies = (
				C240AD762B262AA50038502E /* PBXTargetDependency */,
			);
			name = YAWATests;
			productName = YAWATests;
			productReference = C240AD742B262AA50038502E /* YAWATests.xctest */;
			productType = "com.apple.product-type.bundle.unit-test";
		};
/* End PBXNativeTarget section */

/* Begin PBXProject section */
		C240AD5B2B262AA40038502E /* Project object */ = {
			isa = PBXProject;
			attributes = {
				BuildIndependentTargetsInParallel = 1;
				LastSwiftUpdateCheck = 1500;
				LastUpgradeCheck = 1500;
				TargetAttributes = {
					C240AD622B262AA40038502E = {
						CreatedOnToolsVersion = 15.0.1;
					};
					C240AD732B262AA50038502E = {
						CreatedOnToolsVersion = 15.0.1;
						TestTargetID = C240AD622B262AA40038502E;
					};
				};
			};
			buildConfigurationList = C240AD5E2B262AA40038502E /* Build configuration list for PBXProject "YAWA" */;
			compatibilityVersion = "Xcode 14.0";
			developmentRegion = en;
			hasScannedForEncodings = 0;
			knownRegions = (
				en,
				Base,
			);
			mainGroup = C240AD5A2B262AA40038502E;
			packageReferences = (
				C29F05382B28BE5F00B01CD4 /* XCRemoteSwiftPackageReference "YAWAShared" */,
				C20C55532B361CD70041EDD4 /* XCRemoteSwiftPackageReference "swift-composable-architecture" */,
				C20C55622B38DA730041EDD4 /* XCRemoteSwiftPackageReference "Kingfisher" */,
			);
			productRefGroup = C240AD642B262AA40038502E /* Products */;
			projectDirPath = "";
			projectRoot = "";
			targets = (
				C240AD622B262AA40038502E /* YAWA */,
				C240AD732B262AA50038502E /* YAWATests */,
			);
		};
/* End PBXProject section */

/* Begin PBXResourcesBuildPhase section */
		C240AD612B262AA40038502E /* Resources */ = {
			isa = PBXResourcesBuildPhase;
			buildActionMask = 2147483647;
			files = (
				C240AD6E2B262AA50038502E /* Preview Assets.xcassets in Resources */,
				C240AD6B2B262AA50038502E /* Assets.xcassets in Resources */,
				C271EAF32B443AEA009DBDD8 /* Localizable.xcstrings in Resources */,
			);
			runOnlyForDeploymentPostprocessing = 0;
		};
		C240AD722B262AA50038502E /* Resources */ = {
			isa = PBXResourcesBuildPhase;
			buildActionMask = 2147483647;
			files = (
			);
			runOnlyForDeploymentPostprocessing = 0;
		};
/* End PBXResourcesBuildPhase section */

/* Begin PBXSourcesBuildPhase section */
		C240AD5F2B262AA40038502E /* Sources */ = {
			isa = PBXSourcesBuildPhase;
			buildActionMask = 2147483647;
			files = (
				C240AD692B262AA40038502E /* ContentView.swift in Sources */,
				C22ECADD2B3B81B7007D177E /* HomeReducer.swift in Sources */,
				C220376C2B3DA9490072BC66 /* AppReducer.swift in Sources */,
				C22ECAE72B3B8808007D177E /* WeatherAPI+Live.swift in Sources */,
				C20C555C2B38C2090041EDD4 /* ExtraInfoView.swift in Sources */,
				C220376A2B3DA93E0072BC66 /* AppView.swift in Sources */,
				C271EAF02B443AA8009DBDD8 /* CityHeaderView.swift in Sources */,
				C22ECAE22B3B866E007D177E /* Dependencies.swift in Sources */,
				C22037602B3D9D7B0072BC66 /* SearchCityView.swift in Sources */,
				C22037652B3D9ED70072BC66 /* CityRowView.swift in Sources */,
				C20C55592B38AF610041EDD4 /* TodayView.swift in Sources */,
				C22ECAE52B3B8769007D177E /* WeatherAPI+Test.swift in Sources */,
				C20C55612B38CCBC0041EDD4 /* HomeView.swift in Sources */,
				C22037622B3D9DAE0072BC66 /* SearchCityReducer.swift in Sources */,
				C22ECAE02B3B8641007D177E /* WeatherAPI.swift in Sources */,
				C20C555E2B38C2410041EDD4 /* InfoView.swift in Sources */,
				C240AD672B262AA40038502E /* YAWAApp.swift in Sources */,
				C22037672B3DA4C20072BC66 /* PathReducer.swift in Sources */,
				C271EAF52B444194009DBDD8 /* Alignment+Extension.swift in Sources */,
			);
			runOnlyForDeploymentPostprocessing = 0;
		};
		C240AD702B262AA50038502E /* Sources */ = {
			isa = PBXSourcesBuildPhase;
			buildActionMask = 2147483647;
			files = (
				C240AD792B262AA50038502E /* YAWATests.swift in Sources */,
			);
			runOnlyForDeploymentPostprocessing = 0;
		};
/* End PBXSourcesBuildPhase section */

/* Begin PBXTargetDependency section */
		C240AD762B262AA50038502E /* PBXTargetDependency */ = {
			isa = PBXTargetDependency;
			target = C240AD622B262AA40038502E /* YAWA */;
			targetProxy = C240AD752B262AA50038502E /* PBXContainerItemProxy */;
		};
/* End PBXTargetDependency section */

/* Begin XCBuildConfiguration section */
		C240AD862B262AA50038502E /* Debug */ = {
			isa = XCBuildConfiguration;
			buildSettings = {
				ALWAYS_SEARCH_USER_PATHS = NO;
				ASSETCATALOG_COMPILER_GENERATE_SWIFT_ASSET_SYMBOL_EXTENSIONS = YES;
				CLANG_ANALYZER_NONNULL = YES;
				CLANG_ANALYZER_NUMBER_OBJECT_CONVERSION = YES_AGGRESSIVE;
				CLANG_CXX_LANGUAGE_STANDARD = "gnu++20";
				CLANG_ENABLE_MODULES = YES;
				CLANG_ENABLE_OBJC_ARC = YES;
				CLANG_ENABLE_OBJC_WEAK = YES;
				CLANG_WARN_BLOCK_CAPTURE_AUTORELEASING = YES;
				CLANG_WARN_BOOL_CONVERSION = YES;
				CLANG_WARN_COMMA = YES;
				CLANG_WARN_CONSTANT_CONVERSION = YES;
				CLANG_WARN_DEPRECATED_OBJC_IMPLEMENTATIONS = YES;
				CLANG_WARN_DIRECT_OBJC_ISA_USAGE = YES_ERROR;
				CLANG_WARN_DOCUMENTATION_COMMENTS = YES;
				CLANG_WARN_EMPTY_BODY = YES;
				CLANG_WARN_ENUM_CONVERSION = YES;
				CLANG_WARN_INFINITE_RECURSION = YES;
				CLANG_WARN_INT_CONVERSION = YES;
				CLANG_WARN_NON_LITERAL_NULL_CONVERSION = YES;
				CLANG_WARN_OBJC_IMPLICIT_RETAIN_SELF = YES;
				CLANG_WARN_OBJC_LITERAL_CONVERSION = YES;
				CLANG_WARN_OBJC_ROOT_CLASS = YES_ERROR;
				CLANG_WARN_QUOTED_INCLUDE_IN_FRAMEWORK_HEADER = YES;
				CLANG_WARN_RANGE_LOOP_ANALYSIS = YES;
				CLANG_WARN_STRICT_PROTOTYPES = YES;
				CLANG_WARN_SUSPICIOUS_MOVE = YES;
				CLANG_WARN_UNGUARDED_AVAILABILITY = YES_AGGRESSIVE;
				CLANG_WARN_UNREACHABLE_CODE = YES;
				CLANG_WARN__DUPLICATE_METHOD_MATCH = YES;
				COPY_PHASE_STRIP = NO;
				DEBUG_INFORMATION_FORMAT = dwarf;
				ENABLE_STRICT_OBJC_MSGSEND = YES;
				ENABLE_TESTABILITY = YES;
				ENABLE_USER_SCRIPT_SANDBOXING = YES;
				GCC_C_LANGUAGE_STANDARD = gnu17;
				GCC_DYNAMIC_NO_PIC = NO;
				GCC_NO_COMMON_BLOCKS = YES;
				GCC_OPTIMIZATION_LEVEL = 0;
				GCC_PREPROCESSOR_DEFINITIONS = (
					"DEBUG=1",
					"$(inherited)",
				);
				GCC_WARN_64_TO_32_BIT_CONVERSION = YES;
				GCC_WARN_ABOUT_RETURN_TYPE = YES_ERROR;
				GCC_WARN_UNDECLARED_SELECTOR = YES;
				GCC_WARN_UNINITIALIZED_AUTOS = YES_AGGRESSIVE;
				GCC_WARN_UNUSED_FUNCTION = YES;
				GCC_WARN_UNUSED_VARIABLE = YES;
				LOCALIZATION_PREFERS_STRING_CATALOGS = YES;
				MACOSX_DEPLOYMENT_TARGET = 14.0;
				MTL_ENABLE_DEBUG_INFO = INCLUDE_SOURCE;
				MTL_FAST_MATH = YES;
				ONLY_ACTIVE_ARCH = YES;
				SDKROOT = macosx;
				SWIFT_ACTIVE_COMPILATION_CONDITIONS = "DEBUG $(inherited)";
				SWIFT_OPTIMIZATION_LEVEL = "-Onone";
			};
			name = Debug;
		};
		C240AD872B262AA50038502E /* Release */ = {
			isa = XCBuildConfiguration;
			buildSettings = {
				ALWAYS_SEARCH_USER_PATHS = NO;
				ASSETCATALOG_COMPILER_GENERATE_SWIFT_ASSET_SYMBOL_EXTENSIONS = YES;
				CLANG_ANALYZER_NONNULL = YES;
				CLANG_ANALYZER_NUMBER_OBJECT_CONVERSION = YES_AGGRESSIVE;
				CLANG_CXX_LANGUAGE_STANDARD = "gnu++20";
				CLANG_ENABLE_MODULES = YES;
				CLANG_ENABLE_OBJC_ARC = YES;
				CLANG_ENABLE_OBJC_WEAK = YES;
				CLANG_WARN_BLOCK_CAPTURE_AUTORELEASING = YES;
				CLANG_WARN_BOOL_CONVERSION = YES;
				CLANG_WARN_COMMA = YES;
				CLANG_WARN_CONSTANT_CONVERSION = YES;
				CLANG_WARN_DEPRECATED_OBJC_IMPLEMENTATIONS = YES;
				CLANG_WARN_DIRECT_OBJC_ISA_USAGE = YES_ERROR;
				CLANG_WARN_DOCUMENTATION_COMMENTS = YES;
				CLANG_WARN_EMPTY_BODY = YES;
				CLANG_WARN_ENUM_CONVERSION = YES;
				CLANG_WARN_INFINITE_RECURSION = YES;
				CLANG_WARN_INT_CONVERSION = YES;
				CLANG_WARN_NON_LITERAL_NULL_CONVERSION = YES;
				CLANG_WARN_OBJC_IMPLICIT_RETAIN_SELF = YES;
				CLANG_WARN_OBJC_LITERAL_CONVERSION = YES;
				CLANG_WARN_OBJC_ROOT_CLASS = YES_ERROR;
				CLANG_WARN_QUOTED_INCLUDE_IN_FRAMEWORK_HEADER = YES;
				CLANG_WARN_RANGE_LOOP_ANALYSIS = YES;
				CLANG_WARN_STRICT_PROTOTYPES = YES;
				CLANG_WARN_SUSPICIOUS_MOVE = YES;
				CLANG_WARN_UNGUARDED_AVAILABILITY = YES_AGGRESSIVE;
				CLANG_WARN_UNREACHABLE_CODE = YES;
				CLANG_WARN__DUPLICATE_METHOD_MATCH = YES;
				COPY_PHASE_STRIP = NO;
				DEBUG_INFORMATION_FORMAT = "dwarf-with-dsym";
				ENABLE_NS_ASSERTIONS = NO;
				ENABLE_STRICT_OBJC_MSGSEND = YES;
				ENABLE_USER_SCRIPT_SANDBOXING = YES;
				GCC_C_LANGUAGE_STANDARD = gnu17;
				GCC_NO_COMMON_BLOCKS = YES;
				GCC_WARN_64_TO_32_BIT_CONVERSION = YES;
				GCC_WARN_ABOUT_RETURN_TYPE = YES_ERROR;
				GCC_WARN_UNDECLARED_SELECTOR = YES;
				GCC_WARN_UNINITIALIZED_AUTOS = YES_AGGRESSIVE;
				GCC_WARN_UNUSED_FUNCTION = YES;
				GCC_WARN_UNUSED_VARIABLE = YES;
				LOCALIZATION_PREFERS_STRING_CATALOGS = YES;
				MACOSX_DEPLOYMENT_TARGET = 14.0;
				MTL_ENABLE_DEBUG_INFO = NO;
				MTL_FAST_MATH = YES;
				SDKROOT = macosx;
				SWIFT_COMPILATION_MODE = wholemodule;
			};
			name = Release;
		};
		C240AD892B262AA50038502E /* Debug */ = {
			isa = XCBuildConfiguration;
			buildSettings = {
				ASSETCATALOG_COMPILER_APPICON_NAME = AppIcon;
				ASSETCATALOG_COMPILER_GLOBAL_ACCENT_COLOR_NAME = AccentColor;
				CODE_SIGN_ENTITLEMENTS = YAWA/YAWA.entitlements;
				CODE_SIGN_STYLE = Automatic;
				COMBINE_HIDPI_IMAGES = YES;
				CURRENT_PROJECT_VERSION = 1;
				DEVELOPMENT_ASSET_PATHS = "\"YAWA/Preview Content\"";
				ENABLE_PREVIEWS = YES;
				GENERATE_INFOPLIST_FILE = YES;
				INFOPLIST_FILE = YAWA/Info.plist;
				INFOPLIST_KEY_NSHumanReadableCopyright = "";
				INFOPLIST_KEY_UISupportedInterfaceOrientations = UIInterfaceOrientationPortrait;
				LD_RUNPATH_SEARCH_PATHS = (
					"$(inherited)",
					"@executable_path/../Frameworks",
				);
				MARKETING_VERSION = 1.0;
				PRODUCT_BUNDLE_IDENTIFIER = saeed.rz.YAWA;
				PRODUCT_NAME = "$(TARGET_NAME)";
				SUPPORTED_PLATFORMS = "iphoneos iphonesimulator";
				SUPPORTS_MACCATALYST = NO;
				SWIFT_EMIT_LOC_STRINGS = YES;
				SWIFT_VERSION = 5.0;
				TARGETED_DEVICE_FAMILY = 1;
			};
			name = Debug;
		};
		C240AD8A2B262AA50038502E /* Release */ = {
			isa = XCBuildConfiguration;
			buildSettings = {
				ASSETCATALOG_COMPILER_APPICON_NAME = AppIcon;
				ASSETCATALOG_COMPILER_GLOBAL_ACCENT_COLOR_NAME = AccentColor;
				CODE_SIGN_ENTITLEMENTS = YAWA/YAWA.entitlements;
				CODE_SIGN_STYLE = Automatic;
				COMBINE_HIDPI_IMAGES = YES;
				CURRENT_PROJECT_VERSION = 1;
				DEVELOPMENT_ASSET_PATHS = "\"YAWA/Preview Content\"";
				ENABLE_PREVIEWS = YES;
				GENERATE_INFOPLIST_FILE = YES;
				INFOPLIST_FILE = YAWA/Info.plist;
				INFOPLIST_KEY_NSHumanReadableCopyright = "";
				INFOPLIST_KEY_UISupportedInterfaceOrientations = UIInterfaceOrientationPortrait;
				LD_RUNPATH_SEARCH_PATHS = (
					"$(inherited)",
					"@executable_path/../Frameworks",
				);
				MARKETING_VERSION = 1.0;
				PRODUCT_BUNDLE_IDENTIFIER = saeed.rz.YAWA;
				PRODUCT_NAME = "$(TARGET_NAME)";
				SUPPORTED_PLATFORMS = "iphoneos iphonesimulator";
				SUPPORTS_MACCATALYST = NO;
				SWIFT_EMIT_LOC_STRINGS = YES;
				SWIFT_VERSION = 5.0;
				TARGETED_DEVICE_FAMILY = 1;
			};
			name = Release;
		};
		C240AD8C2B262AA50038502E /* Debug */ = {
			isa = XCBuildConfiguration;
			buildSettings = {
				ALWAYS_EMBED_SWIFT_STANDARD_LIBRARIES = YES;
				BUNDLE_LOADER = "$(TEST_HOST)";
				CODE_SIGN_STYLE = Automatic;
				CURRENT_PROJECT_VERSION = 1;
				GENERATE_INFOPLIST_FILE = YES;
				MACOSX_DEPLOYMENT_TARGET = 14.0;
				MARKETING_VERSION = 1.0;
				PRODUCT_BUNDLE_IDENTIFIER = saeed.rz.YAWATests;
				PRODUCT_NAME = "$(TARGET_NAME)";
				SWIFT_EMIT_LOC_STRINGS = NO;
				SWIFT_VERSION = 5.0;
				TEST_HOST = "$(BUILT_PRODUCTS_DIR)/YAWA.app/$(BUNDLE_EXECUTABLE_FOLDER_PATH)/YAWA";
			};
			name = Debug;
		};
		C240AD8D2B262AA50038502E /* Release */ = {
			isa = XCBuildConfiguration;
			buildSettings = {
				ALWAYS_EMBED_SWIFT_STANDARD_LIBRARIES = YES;
				BUNDLE_LOADER = "$(TEST_HOST)";
				CODE_SIGN_STYLE = Automatic;
				CURRENT_PROJECT_VERSION = 1;
				GENERATE_INFOPLIST_FILE = YES;
				MACOSX_DEPLOYMENT_TARGET = 14.0;
				MARKETING_VERSION = 1.0;
				PRODUCT_BUNDLE_IDENTIFIER = saeed.rz.YAWATests;
				PRODUCT_NAME = "$(TARGET_NAME)";
				SWIFT_EMIT_LOC_STRINGS = NO;
				SWIFT_VERSION = 5.0;
				TEST_HOST = "$(BUILT_PRODUCTS_DIR)/YAWA.app/$(BUNDLE_EXECUTABLE_FOLDER_PATH)/YAWA";
			};
			name = Release;
		};
/* End XCBuildConfiguration section */

/* Begin XCConfigurationList section */
		C240AD5E2B262AA40038502E /* Build configuration list for PBXProject "YAWA" */ = {
			isa = XCConfigurationList;
			buildConfigurations = (
				C240AD862B262AA50038502E /* Debug */,
				C240AD872B262AA50038502E /* Release */,
			);
			defaultConfigurationIsVisible = 0;
			defaultConfigurationName = Release;
		};
		C240AD882B262AA50038502E /* Build configuration list for PBXNativeTarget "YAWA" */ = {
			isa = XCConfigurationList;
			buildConfigurations = (
				C240AD892B262AA50038502E /* Debug */,
				C240AD8A2B262AA50038502E /* Release */,
			);
			defaultConfigurationIsVisible = 0;
			defaultConfigurationName = Release;
		};
		C240AD8B2B262AA50038502E /* Build configuration list for PBXNativeTarget "YAWATests" */ = {
			isa = XCConfigurationList;
			buildConfigurations = (
				C240AD8C2B262AA50038502E /* Debug */,
				C240AD8D2B262AA50038502E /* Release */,
			);
			defaultConfigurationIsVisible = 0;
			defaultConfigurationName = Release;
		};
/* End XCConfigurationList section */

/* Begin XCRemoteSwiftPackageReference section */
		C20C55532B361CD70041EDD4 /* XCRemoteSwiftPackageReference "swift-composable-architecture" */ = {
			isa = XCRemoteSwiftPackageReference;
			repositoryURL = "https://github.com/pointfreeco/swift-composable-architecture";
			requirement = {
				kind = exactVersion;
				version = 1.5.6;
			};
		};
		C20C55622B38DA730041EDD4 /* XCRemoteSwiftPackageReference "Kingfisher" */ = {
			isa = XCRemoteSwiftPackageReference;
			repositoryURL = "https://github.com/onevcat/Kingfisher.git";
			requirement = {
				kind = upToNextMajorVersion;
				minimumVersion = 7.10.1;
			};
		};
		C29F05382B28BE5F00B01CD4 /* XCRemoteSwiftPackageReference "YAWAShared" */ = {
			isa = XCRemoteSwiftPackageReference;
			repositoryURL = "https://github.com/saeed-rz/YAWAShared.git";
			requirement = {
				branch = main;
				kind = branch;
			};
		};
/* End XCRemoteSwiftPackageReference section */

/* Begin XCSwiftPackageProductDependency section */
		C20C55542B361CD70041EDD4 /* ComposableArchitecture */ = {
			isa = XCSwiftPackageProductDependency;
			package = C20C55532B361CD70041EDD4 /* XCRemoteSwiftPackageReference "swift-composable-architecture" */;
			productName = ComposableArchitecture;
		};
		C20C55632B38DA730041EDD4 /* Kingfisher */ = {
			isa = XCSwiftPackageProductDependency;
			package = C20C55622B38DA730041EDD4 /* XCRemoteSwiftPackageReference "Kingfisher" */;
			productName = Kingfisher;
		};
		C29F05392B28BE5F00B01CD4 /* YAWAShared */ = {
			isa = XCSwiftPackageProductDependency;
			package = C29F05382B28BE5F00B01CD4 /* XCRemoteSwiftPackageReference "YAWAShared" */;
			productName = YAWAShared;
		};
/* End XCSwiftPackageProductDependency section */
	};
	rootObject = C240AD5B2B262AA40038502E /* Project object */;
}
